{
  "object": {
    "pins": [
      {
        "package": "CoreDataHelper",
        "repositoryURL": "https://gitlab.com/phthphat-share/coredatahelper.git",
        "state": {
          "branch": "master",
          "revision": "582770640f17b38e3389c7a8898b943c81133b7b",
          "version": null
        }
      }
    ]
  },
  "version": 1
}
